
Microsoft Visual Studio Solution File, Format Version 12.00
# Visual Studio 2013
VisualStudioVersion = 12.0.21005.1
MinimumVisualStudioVersion = 10.0.40219.1
Project("{FAE04EC0-301F-11D3-BF4B-00C04F79EFBC}") = "SBD_T3.4", "SBD_T3.4\SBD_T3.4.csproj", "{AD0AE888-41E7-4E83-98F6-A928DD74AE95}"
EndProject
Global
	GlobalSection(SolutionConfigurationPlatforms) = preSolution
		Debug|Any CPU = Debug|Any CPU
		Release|Any CPU = Release|Any CPU
	EndGlobalSection
	GlobalSection(ProjectConfigurationPlatforms) = postSolution
		{AD0AE888-41E7-4E83-98F6-A928DD74AE95}.Debug|Any CPU.ActiveCfg = Debug|Any CPU
		{AD0AE888-41E7-4E83-98F6-A928DD74AE95}.Debug|Any CPU.Build.0 = Debug|Any CPU
		{AD0AE888-41E7-4E83-98F6-A928DD74AE95}.Release|Any CPU.ActiveCfg = Release|Any CPU
		{AD0AE888-41E7-4E83-98F6-A928DD74AE95}.Release|Any CPU.Build.0 = Release|Any CPU
	EndGlobalSection
	GlobalSection(SolutionProperties) = preSolution
		HideSolutionNode = FALSE
	EndGlobalSection
EndGlobal
